
Microsoft Visual Studio Solution File, Format Version 12.00
Project("{FAE04EC0-301F-11D3-BF4B-00C04F79EFBC}") = "Kata1", "Kata1\Kata1.csproj", "{74A00B3B-25BB-4EE1-970E-6A8690AAD8C0}"
EndProject
Project("{FAE04EC0-301F-11D3-BF4B-00C04F79EFBC}") = "MiniKata1", "MiniKata1\MiniKata1.csproj", "{F6FF8924-4335-4949-9FDF-C86256C0D907}"
EndProject
Project("{FAE04EC0-301F-11D3-BF4B-00C04F79EFBC}") = "MiniKata2", "MiniKata2\MiniKata2.csproj", "{BCBBAEAA-902B-4D0E-BB85-BB03A805F8A9}"
EndProject
Project("{FAE04EC0-301F-11D3-BF4B-00C04F79EFBC}") = "MiniKata3", "MiniKata3\MiniKata3.csproj", "{DAF930A7-3B35-4B18-925F-7BE0F9A07E14}"
EndProject
Project("{FAE04EC0-301F-11D3-BF4B-00C04F79EFBC}") = "Kata2", "Kata2\Kata2.csproj", "{7E9DC423-6306-45CB-9D2D-83B9F7E75AD8}"
EndProject
Project("{FAE04EC0-301F-11D3-BF4B-00C04F79EFBC}") = "MiniKata4", "MiniKata4\MiniKata4.csproj", "{4B2C3AF1-E90E-442E-942D-C18192799988}"
EndProject
Global
	GlobalSection(SolutionConfigurationPlatforms) = preSolution
		Debug|Any CPU = Debug|Any CPU
		Release|Any CPU = Release|Any CPU
	EndGlobalSection
	GlobalSection(ProjectConfigurationPlatforms) = postSolution
		{74A00B3B-25BB-4EE1-970E-6A8690AAD8C0}.Debug|Any CPU.ActiveCfg = Debug|Any CPU
		{74A00B3B-25BB-4EE1-970E-6A8690AAD8C0}.Debug|Any CPU.Build.0 = Debug|Any CPU
		{74A00B3B-25BB-4EE1-970E-6A8690AAD8C0}.Release|Any CPU.ActiveCfg = Release|Any CPU
		{74A00B3B-25BB-4EE1-970E-6A8690AAD8C0}.Release|Any CPU.Build.0 = Release|Any CPU
		{F6FF8924-4335-4949-9FDF-C86256C0D907}.Debug|Any CPU.ActiveCfg = Debug|Any CPU
		{F6FF8924-4335-4949-9FDF-C86256C0D907}.Debug|Any CPU.Build.0 = Debug|Any CPU
		{F6FF8924-4335-4949-9FDF-C86256C0D907}.Release|Any CPU.ActiveCfg = Release|Any CPU
		{F6FF8924-4335-4949-9FDF-C86256C0D907}.Release|Any CPU.Build.0 = Release|Any CPU
		{BCBBAEAA-902B-4D0E-BB85-BB03A805F8A9}.Debug|Any CPU.ActiveCfg = Debug|Any CPU
		{BCBBAEAA-902B-4D0E-BB85-BB03A805F8A9}.Debug|Any CPU.Build.0 = Debug|Any CPU
		{BCBBAEAA-902B-4D0E-BB85-BB03A805F8A9}.Release|Any CPU.ActiveCfg = Release|Any CPU
		{BCBBAEAA-902B-4D0E-BB85-BB03A805F8A9}.Release|Any CPU.Build.0 = Release|Any CPU
		{DAF930A7-3B35-4B18-925F-7BE0F9A07E14}.Debug|Any CPU.ActiveCfg = Debug|Any CPU
		{DAF930A7-3B35-4B18-925F-7BE0F9A07E14}.Debug|Any CPU.Build.0 = Debug|Any CPU
		{DAF930A7-3B35-4B18-925F-7BE0F9A07E14}.Release|Any CPU.ActiveCfg = Release|Any CPU
		{DAF930A7-3B35-4B18-925F-7BE0F9A07E14}.Release|Any CPU.Build.0 = Release|Any CPU
		{7E9DC423-6306-45CB-9D2D-83B9F7E75AD8}.Debug|Any CPU.ActiveCfg = Debug|Any CPU
		{7E9DC423-6306-45CB-9D2D-83B9F7E75AD8}.Debug|Any CPU.Build.0 = Debug|Any CPU
		{7E9DC423-6306-45CB-9D2D-83B9F7E75AD8}.Release|Any CPU.ActiveCfg = Release|Any CPU
		{7E9DC423-6306-45CB-9D2D-83B9F7E75AD8}.Release|Any CPU.Build.0 = Release|Any CPU
		{4B2C3AF1-E90E-442E-942D-C18192799988}.Debug|Any CPU.ActiveCfg = Debug|Any CPU
		{4B2C3AF1-E90E-442E-942D-C18192799988}.Debug|Any CPU.Build.0 = Debug|Any CPU
		{4B2C3AF1-E90E-442E-942D-C18192799988}.Release|Any CPU.ActiveCfg = Release|Any CPU
		{4B2C3AF1-E90E-442E-942D-C18192799988}.Release|Any CPU.Build.0 = Release|Any CPU
	EndGlobalSection
EndGlobal
